
Microsoft Visual Studio Solution File, Format Version 12.00
# Visual Studio Version 17
VisualStudioVersion = 17.6.33723.286
MinimumVisualStudioVersion = 10.0.40219.1
Project("{FAE04EC0-301F-11D3-BF4B-00C04F79EFBC}") = "Assignment3", "Assignment3\Assignment3.csproj", "{5D0BC8BF-C668-44CE-8C99-B6FA2C18085E}"
EndProject
Global
	GlobalSection(SolutionConfigurationPlatforms) = preSolution
		Debug|Any CPU = Debug|Any CPU
		Release|Any CPU = Release|Any CPU
	EndGlobalSection
	GlobalSection(ProjectConfigurationPlatforms) = postSolution
		{5D0BC8BF-C668-44CE-8C99-B6FA2C18085E}.Debug|Any CPU.ActiveCfg = Debug|Any CPU
		{5D0BC8BF-C668-44CE-8C99-B6FA2C18085E}.Debug|Any CPU.Build.0 = Debug|Any CPU
		{5D0BC8BF-C668-44CE-8C99-B6FA2C18085E}.Release|Any CPU.ActiveCfg = Release|Any CPU
		{5D0BC8BF-C668-44CE-8C99-B6FA2C18085E}.Release|Any CPU.Build.0 = Release|Any CPU
	EndGlobalSection
	GlobalSection(SolutionProperties) = preSolution
		HideSolutionNode = FALSE
	EndGlobalSection
	GlobalSection(ExtensibilityGlobals) = postSolution
		SolutionGuid = {0FE50C25-9FF2-4025-ACF0-B74B0DBCC899}
	EndGlobalSection
EndGlobal
